
Microsoft Visual Studio Solution File, Format Version 12.00
# Visual Studio Version 17
VisualStudioVersion = 17.11.35312.102
MinimumVisualStudioVersion = 10.0.40219.1
Project("{FAE04EC0-301F-11D3-BF4B-00C04F79EFBC}") = "AuthManager", "ConsoleApp1\AuthManager.csproj", "{F610FD1D-C2EF-49A5-A0CD-848FF09A6586}"
EndProject
Global
	GlobalSection(SolutionConfigurationPlatforms) = preSolution
		Debug|Any CPU = Debug|Any CPU
		Release|Any CPU = Release|Any CPU
	EndGlobalSection
	GlobalSection(ProjectConfigurationPlatforms) = postSolution
		{F610FD1D-C2EF-49A5-A0CD-848FF09A6586}.Debug|Any CPU.ActiveCfg = Debug|Any CPU
		{F610FD1D-C2EF-49A5-A0CD-848FF09A6586}.Debug|Any CPU.Build.0 = Debug|Any CPU
		{F610FD1D-C2EF-49A5-A0CD-848FF09A6586}.Release|Any CPU.ActiveCfg = Release|Any CPU
		{F610FD1D-C2EF-49A5-A0CD-848FF09A6586}.Release|Any CPU.Build.0 = Release|Any CPU
	EndGlobalSection
	GlobalSection(SolutionProperties) = preSolution
		HideSolutionNode = FALSE
	EndGlobalSection
	GlobalSection(ExtensibilityGlobals) = postSolution
		SolutionGuid = {3297FCD3-34A3-413F-8D51-82EDD8BD4B40}
	EndGlobalSection
EndGlobal
